// !$*UTF8*$!
{
	archiveVersion = 1;
	classes = {
	};
	objectVersion = 46;
	objects = {

/* Begin PBXBuildFile section */
		4E01E2781DDEFDBD0093EA2E /* CharacterIteratorTests.swift in Sources */ = {isa = PBXBuildFile; fileRef = 4E01E2771DDEFDBD0093EA2E /* CharacterIteratorTests.swift */; };
		4E01E27A1DDEFDEE0093EA2E /* SwiftTokenizerTests.swift in Sources */ = {isa = PBXBuildFile; fileRef = 4E01E2791DDEFDEE0093EA2E /* SwiftTokenizerTests.swift */; };
		4E01E27C1DDEFE110093EA2E /* LocalizedStringFinderTests.swift in Sources */ = {isa = PBXBuildFile; fileRef = 4E01E27B1DDEFE110093EA2E /* LocalizedStringFinderTests.swift */; };
		4E01E27E1DDEFE390093EA2E /* CommandLineArgumentsTests.swift in Sources */ = {isa = PBXBuildFile; fileRef = 4E01E27D1DDEFE390093EA2E /* CommandLineArgumentsTests.swift */; };
		4E530E241D0177F2002689B0 /* main.swift in Sources */ = {isa = PBXBuildFile; fileRef = 4E530E231D0177F2002689B0 /* main.swift */; };
		4E530E8D1D0184B9002689B0 /* CharacterIterator.swift in Sources */ = {isa = PBXBuildFile; fileRef = 4E530E861D0184B9002689B0 /* CharacterIterator.swift */; };
		4E530E8E1D0184B9002689B0 /* CommandLineArguments.swift in Sources */ = {isa = PBXBuildFile; fileRef = 4E530E871D0184B9002689B0 /* CommandLineArguments.swift */; };
		4E530E8F1D0184B9002689B0 /* LocalizedString.swift in Sources */ = {isa = PBXBuildFile; fileRef = 4E530E881D0184B9002689B0 /* LocalizedString.swift */; };
		4E530E901D0184B9002689B0 /* LocalizedStringCollection.swift in Sources */ = {isa = PBXBuildFile; fileRef = 4E530E891D0184B9002689B0 /* LocalizedStringCollection.swift */; };
		4E530E911D0184B9002689B0 /* LocalizedStringFinder.swift in Sources */ = {isa = PBXBuildFile; fileRef = 4E530E8A1D0184B9002689B0 /* LocalizedStringFinder.swift */; };
		4E530E921D0184B9002689B0 /* SwiftLanguageToken.swift in Sources */ = {isa = PBXBuildFile; fileRef = 4E530E8B1D0184B9002689B0 /* SwiftLanguageToken.swift */; };
		4E530E931D0184B9002689B0 /* SwiftTokenizer.swift in Sources */ = {isa = PBXBuildFile; fileRef = 4E530E8C1D0184B9002689B0 /* SwiftTokenizer.swift */; };
		4E530EA31D0184FB002689B0 /* LocalizedStringTests.swift in Sources */ = {isa = PBXBuildFile; fileRef = 4E530EA21D0184FB002689B0 /* LocalizedStringTests.swift */; };
		4E530EB41D018834002689B0 /* CharacterIterator.swift in Sources */ = {isa = PBXBuildFile; fileRef = 4E530E861D0184B9002689B0 /* CharacterIterator.swift */; };
		4E530EB51D018836002689B0 /* CommandLineArguments.swift in Sources */ = {isa = PBXBuildFile; fileRef = 4E530E871D0184B9002689B0 /* CommandLineArguments.swift */; };
		4E530EB61D018838002689B0 /* LocalizedString.swift in Sources */ = {isa = PBXBuildFile; fileRef = 4E530E881D0184B9002689B0 /* LocalizedString.swift */; };
		4E530EB71D01883A002689B0 /* LocalizedStringCollection.swift in Sources */ = {isa = PBXBuildFile; fileRef = 4E530E891D0184B9002689B0 /* LocalizedStringCollection.swift */; };
		4E530EB81D01883C002689B0 /* LocalizedStringFinder.swift in Sources */ = {isa = PBXBuildFile; fileRef = 4E530E8A1D0184B9002689B0 /* LocalizedStringFinder.swift */; };
		4E530EB91D01883E002689B0 /* SwiftLanguageToken.swift in Sources */ = {isa = PBXBuildFile; fileRef = 4E530E8B1D0184B9002689B0 /* SwiftLanguageToken.swift */; };
		4E530EBA1D018840002689B0 /* SwiftTokenizer.swift in Sources */ = {isa = PBXBuildFile; fileRef = 4E530E8C1D0184B9002689B0 /* SwiftTokenizer.swift */; };
		4E9AA7EA1F0E68F000FE9623 /* RealWorldStringsTests.swift in Sources */ = {isa = PBXBuildFile; fileRef = 4E9AA7E91F0E68F000FE9623 /* RealWorldStringsTests.swift */; };
		4E9AA7EC1F0E712900FE9623 /* LocalizedStringFinderStandardErrorOutput.swift in Sources */ = {isa = PBXBuildFile; fileRef = 4E9AA7EB1F0E712900FE9623 /* LocalizedStringFinderStandardErrorOutput.swift */; };
		4EA221951F617609001990C2 /* testReportErrorOnSwiftUnicodeCodePoint.txt in Resources */ = {isa = PBXBuildFile; fileRef = 4EA221941F617609001990C2 /* testReportErrorOnSwiftUnicodeCodePoint.txt */; };
		4EA221971F61786D001990C2 /* testUnescapesDoublyEscapedUnicodeCodePoints.txt in Resources */ = {isa = PBXBuildFile; fileRef = 4EA221961F61786D001990C2 /* testUnescapesDoublyEscapedUnicodeCodePoints.txt */; };
/* End PBXBuildFile section */

/* Begin PBXContainerItemProxy section */
		4E530EA41D01877C002689B0 /* PBXContainerItemProxy */ = {
			isa = PBXContainerItemProxy;
			containerPortal = 4E530E181D0177F2002689B0 /* Project object */;
			proxyType = 1;
			remoteGlobalIDString = 4E530E1F1D0177F2002689B0;
			remoteInfo = SwiftGenStrings;
		};
/* End PBXContainerItemProxy section */

/* Begin PBXCopyFilesBuildPhase section */
		4E530E1E1D0177F2002689B0 /* CopyFiles */ = {
			isa = PBXCopyFilesBuildPhase;
			buildActionMask = 2147483647;
			dstPath = /usr/share/man/man1/;
			dstSubfolderSpec = 0;
			files = (
			);
			runOnlyForDeploymentPostprocessing = 1;
		};
/* End PBXCopyFilesBuildPhase section */

/* Begin PBXFileReference section */
		4E01E2771DDEFDBD0093EA2E /* CharacterIteratorTests.swift */ = {isa = PBXFileReference; fileEncoding = 4; lastKnownFileType = sourcecode.swift; path = CharacterIteratorTests.swift; sourceTree = "<group>"; };
		4E01E2791DDEFDEE0093EA2E /* SwiftTokenizerTests.swift */ = {isa = PBXFileReference; fileEncoding = 4; lastKnownFileType = sourcecode.swift; path = SwiftTokenizerTests.swift; sourceTree = "<group>"; };
		4E01E27B1DDEFE110093EA2E /* LocalizedStringFinderTests.swift */ = {isa = PBXFileReference; fileEncoding = 4; lastKnownFileType = sourcecode.swift; path = LocalizedStringFinderTests.swift; sourceTree = "<group>"; };
		4E01E27D1DDEFE390093EA2E /* CommandLineArgumentsTests.swift */ = {isa = PBXFileReference; fileEncoding = 4; lastKnownFileType = sourcecode.swift; path = CommandLineArgumentsTests.swift; sourceTree = "<group>"; };
		4E530E201D0177F2002689B0 /* SwiftGenStrings */ = {isa = PBXFileReference; explicitFileType = "compiled.mach-o.executable"; includeInIndex = 0; path = SwiftGenStrings; sourceTree = BUILT_PRODUCTS_DIR; };
		4E530E231D0177F2002689B0 /* main.swift */ = {isa = PBXFileReference; lastKnownFileType = sourcecode.swift; path = main.swift; sourceTree = "<group>"; };
		4E530E861D0184B9002689B0 /* CharacterIterator.swift */ = {isa = PBXFileReference; fileEncoding = 4; lastKnownFileType = sourcecode.swift; path = CharacterIterator.swift; sourceTree = "<group>"; };
		4E530E871D0184B9002689B0 /* CommandLineArguments.swift */ = {isa = PBXFileReference; fileEncoding = 4; lastKnownFileType = sourcecode.swift; path = CommandLineArguments.swift; sourceTree = "<group>"; };
		4E530E881D0184B9002689B0 /* LocalizedString.swift */ = {isa = PBXFileReference; fileEncoding = 4; lastKnownFileType = sourcecode.swift; path = LocalizedString.swift; sourceTree = "<group>"; };
		4E530E891D0184B9002689B0 /* LocalizedStringCollection.swift */ = {isa = PBXFileReference; fileEncoding = 4; lastKnownFileType = sourcecode.swift; path = LocalizedStringCollection.swift; sourceTree = "<group>"; };
		4E530E8A1D0184B9002689B0 /* LocalizedStringFinder.swift */ = {isa = PBXFileReference; fileEncoding = 4; lastKnownFileType = sourcecode.swift; path = LocalizedStringFinder.swift; sourceTree = "<group>"; };
		4E530E8B1D0184B9002689B0 /* SwiftLanguageToken.swift */ = {isa = PBXFileReference; fileEncoding = 4; lastKnownFileType = sourcecode.swift; path = SwiftLanguageToken.swift; sourceTree = "<group>"; };
		4E530E8C1D0184B9002689B0 /* SwiftTokenizer.swift */ = {isa = PBXFileReference; fileEncoding = 4; lastKnownFileType = sourcecode.swift; path = SwiftTokenizer.swift; sourceTree = "<group>"; };
		4E530E981D0184E2002689B0 /* SwiftGenStringsTests.xctest */ = {isa = PBXFileReference; explicitFileType = wrapper.cfbundle; includeInIndex = 0; path = SwiftGenStringsTests.xctest; sourceTree = BUILT_PRODUCTS_DIR; };
		4E530E9C1D0184E2002689B0 /* Info.plist */ = {isa = PBXFileReference; lastKnownFileType = text.plist.xml; path = Info.plist; sourceTree = "<group>"; };
		4E530EA21D0184FB002689B0 /* LocalizedStringTests.swift */ = {isa = PBXFileReference; fileEncoding = 4; lastKnownFileType = sourcecode.swift; path = LocalizedStringTests.swift; sourceTree = "<group>"; };
		4E9AA7E91F0E68F000FE9623 /* RealWorldStringsTests.swift */ = {isa = PBXFileReference; fileEncoding = 4; lastKnownFileType = sourcecode.swift; path = RealWorldStringsTests.swift; sourceTree = "<group>"; };
		4E9AA7EB1F0E712900FE9623 /* LocalizedStringFinderStandardErrorOutput.swift */ = {isa = PBXFileReference; fileEncoding = 4; lastKnownFileType = sourcecode.swift; path = LocalizedStringFinderStandardErrorOutput.swift; sourceTree = "<group>"; };
		4EA221941F617609001990C2 /* testReportErrorOnSwiftUnicodeCodePoint.txt */ = {isa = PBXFileReference; lastKnownFileType = text; path = testReportErrorOnSwiftUnicodeCodePoint.txt; sourceTree = "<group>"; };
		4EA221961F61786D001990C2 /* testUnescapesDoublyEscapedUnicodeCodePoints.txt */ = {isa = PBXFileReference; lastKnownFileType = text; path = testUnescapesDoublyEscapedUnicodeCodePoints.txt; sourceTree = "<group>"; };
/* End PBXFileReference section */

/* Begin PBXFrameworksBuildPhase section */
		4E530E1D1D0177F2002689B0 /* Frameworks */ = {
			isa = PBXFrameworksBuildPhase;
			buildActionMask = 2147483647;
			files = (
			);
			runOnlyForDeploymentPostprocessing = 0;
		};
		4E530E951D0184E2002689B0 /* Frameworks */ = {
			isa = PBXFrameworksBuildPhase;
			buildActionMask = 2147483647;
			files = (
			);
			runOnlyForDeploymentPostprocessing = 0;
		};
/* End PBXFrameworksBuildPhase section */

/* Begin PBXGroup section */
		4E530E171D0177F2002689B0 = {
			isa = PBXGroup;
			children = (
				4E530E211D0177F2002689B0 /* Products */,
				4E530E221D0177F2002689B0 /* SwiftGenStrings */,
				4E530E991D0184E2002689B0 /* SwiftGenStringsTests */,
			);
			sourceTree = "<group>";
		};
		4E530E211D0177F2002689B0 /* Products */ = {
			isa = PBXGroup;
			children = (
				4E530E201D0177F2002689B0 /* SwiftGenStrings */,
				4E530E981D0184E2002689B0 /* SwiftGenStringsTests.xctest */,
			);
			name = Products;
			sourceTree = "<group>";
		};
		4E530E221D0177F2002689B0 /* SwiftGenStrings */ = {
			isa = PBXGroup;
			children = (
				4E530E861D0184B9002689B0 /* CharacterIterator.swift */,
				4E530E871D0184B9002689B0 /* CommandLineArguments.swift */,
				4E530E881D0184B9002689B0 /* LocalizedString.swift */,
				4E530E891D0184B9002689B0 /* LocalizedStringCollection.swift */,
				4E530E8A1D0184B9002689B0 /* LocalizedStringFinder.swift */,
				4E9AA7EB1F0E712900FE9623 /* LocalizedStringFinderStandardErrorOutput.swift */,
				4E530E231D0177F2002689B0 /* main.swift */,
				4E530E8B1D0184B9002689B0 /* SwiftLanguageToken.swift */,
				4E530E8C1D0184B9002689B0 /* SwiftTokenizer.swift */,
			);
			path = SwiftGenStrings;
			sourceTree = "<group>";
		};
		4E530E991D0184E2002689B0 /* SwiftGenStringsTests */ = {
			isa = PBXGroup;
			children = (
				4E01E2771DDEFDBD0093EA2E /* CharacterIteratorTests.swift */,
				4E01E27D1DDEFE390093EA2E /* CommandLineArgumentsTests.swift */,
				4E530E9C1D0184E2002689B0 /* Info.plist */,
				4E01E27B1DDEFE110093EA2E /* LocalizedStringFinderTests.swift */,
				4E530EA21D0184FB002689B0 /* LocalizedStringTests.swift */,
				4E9AA7E91F0E68F000FE9623 /* RealWorldStringsTests.swift */,
				4E01E2791DDEFDEE0093EA2E /* SwiftTokenizerTests.swift */,
				4EA221961F61786D001990C2 /* testUnescapesDoublyEscapedUnicodeCodePoints.txt */,
				4EA221941F617609001990C2 /* testReportErrorOnSwiftUnicodeCodePoint.txt */,
			);
			path = SwiftGenStringsTests;
			sourceTree = "<group>";
		};
/* End PBXGroup section */

/* Begin PBXNativeTarget section */
		4E530E1F1D0177F2002689B0 /* SwiftGenStrings */ = {
			isa = PBXNativeTarget;
			buildConfigurationList = 4E530E271D0177F2002689B0 /* Build configuration list for PBXNativeTarget "SwiftGenStrings" */;
			buildPhases = (
				4E530E1C1D0177F2002689B0 /* Sources */,
				4E530E1D1D0177F2002689B0 /* Frameworks */,
				4E530E1E1D0177F2002689B0 /* CopyFiles */,
			);
			buildRules = (
			);
			dependencies = (
			);
			name = SwiftGenStrings;
			productName = SwiftGenStrings;
			productReference = 4E530E201D0177F2002689B0 /* SwiftGenStrings */;
			productType = "com.apple.product-type.tool";
		};
		4E530E971D0184E2002689B0 /* SwiftGenStringsTests */ = {
			isa = PBXNativeTarget;
			buildConfigurationList = 4E530E9D1D0184E2002689B0 /* Build configuration list for PBXNativeTarget "SwiftGenStringsTests" */;
			buildPhases = (
				4E530E941D0184E2002689B0 /* Sources */,
				4E530E951D0184E2002689B0 /* Frameworks */,
				4E530E961D0184E2002689B0 /* Resources */,
			);
			buildRules = (
			);
			dependencies = (
				4E530EA51D01877C002689B0 /* PBXTargetDependency */,
			);
			name = SwiftGenStringsTests;
			productName = SwiftGenStringsTests;
			productReference = 4E530E981D0184E2002689B0 /* SwiftGenStringsTests.xctest */;
			productType = "com.apple.product-type.bundle.unit-test";
		};
/* End PBXNativeTarget section */

/* Begin PBXProject section */
		4E530E181D0177F2002689B0 /* Project object */ = {
			isa = PBXProject;
			attributes = {
				LastSwiftUpdateCheck = 0730;
				LastUpgradeCheck = 0800;
				ORGANIZATIONNAME = com.kayak;
				TargetAttributes = {
					4E530E1F1D0177F2002689B0 = {
						CreatedOnToolsVersion = 7.3.1;
						LastSwiftMigration = 0810;
					};
					4E530E971D0184E2002689B0 = {
						CreatedOnToolsVersion = 7.3.1;
						LastSwiftMigration = 0810;
					};
				};
			};
			buildConfigurationList = 4E530E1B1D0177F2002689B0 /* Build configuration list for PBXProject "SwiftGenStrings" */;
			compatibilityVersion = "Xcode 3.2";
			developmentRegion = English;
			hasScannedForEncodings = 0;
			knownRegions = (
				en,
			);
			mainGroup = 4E530E171D0177F2002689B0;
			productRefGroup = 4E530E211D0177F2002689B0 /* Products */;
			projectDirPath = "";
			projectRoot = "";
			targets = (
				4E530E1F1D0177F2002689B0 /* SwiftGenStrings */,
				4E530E971D0184E2002689B0 /* SwiftGenStringsTests */,
			);
		};
/* End PBXProject section */

/* Begin PBXResourcesBuildPhase section */
		4E530E961D0184E2002689B0 /* Resources */ = {
			isa = PBXResourcesBuildPhase;
			buildActionMask = 2147483647;
			files = (
				4EA221971F61786D001990C2 /* testUnescapesDoublyEscapedUnicodeCodePoints.txt in Resources */,
				4EA221951F617609001990C2 /* testReportErrorOnSwiftUnicodeCodePoint.txt in Resources */,
			);
			runOnlyForDeploymentPostprocessing = 0;
		};
/* End PBXResourcesBuildPhase section */

/* Begin PBXSourcesBuildPhase section */
		4E530E1C1D0177F2002689B0 /* Sources */ = {
			isa = PBXSourcesBuildPhase;
			buildActionMask = 2147483647;
			files = (
				4E530E241D0177F2002689B0 /* main.swift in Sources */,
				4E530E901D0184B9002689B0 /* LocalizedStringCollection.swift in Sources */,
				4E9AA7EC1F0E712900FE9623 /* LocalizedStringFinderStandardErrorOutput.swift in Sources */,
				4E530E8E1D0184B9002689B0 /* CommandLineArguments.swift in Sources */,
				4E530E921D0184B9002689B0 /* SwiftLanguageToken.swift in Sources */,
				4E530E8F1D0184B9002689B0 /* LocalizedString.swift in Sources */,
				4E530E911D0184B9002689B0 /* LocalizedStringFinder.swift in Sources */,
				4E530E8D1D0184B9002689B0 /* CharacterIterator.swift in Sources */,
				4E530E931D0184B9002689B0 /* SwiftTokenizer.swift in Sources */,
			);
			runOnlyForDeploymentPostprocessing = 0;
		};
		4E530E941D0184E2002689B0 /* Sources */ = {
			isa = PBXSourcesBuildPhase;
			buildActionMask = 2147483647;
			files = (
				4E530EA31D0184FB002689B0 /* LocalizedStringTests.swift in Sources */,
				4E01E27A1DDEFDEE0093EA2E /* SwiftTokenizerTests.swift in Sources */,
				4E01E2781DDEFDBD0093EA2E /* CharacterIteratorTests.swift in Sources */,
				4E530EB71D01883A002689B0 /* LocalizedStringCollection.swift in Sources */,
				4E9AA7EA1F0E68F000FE9623 /* RealWorldStringsTests.swift in Sources */,
				4E530EB51D018836002689B0 /* CommandLineArguments.swift in Sources */,
				4E530EB91D01883E002689B0 /* SwiftLanguageToken.swift in Sources */,
				4E530EB61D018838002689B0 /* LocalizedString.swift in Sources */,
				4E530EB81D01883C002689B0 /* LocalizedStringFinder.swift in Sources */,
				4E01E27C1DDEFE110093EA2E /* LocalizedStringFinderTests.swift in Sources */,
				4E530EB41D018834002689B0 /* CharacterIterator.swift in Sources */,
				4E01E27E1DDEFE390093EA2E /* CommandLineArgumentsTests.swift in Sources */,
				4E530EBA1D018840002689B0 /* SwiftTokenizer.swift in Sources */,
			);
			runOnlyForDeploymentPostprocessing = 0;
		};
/* End PBXSourcesBuildPhase section */

/* Begin PBXTargetDependency section */
		4E530EA51D01877C002689B0 /* PBXTargetDependency */ = {
			isa = PBXTargetDependency;
			target = 4E530E1F1D0177F2002689B0 /* SwiftGenStrings */;
			targetProxy = 4E530EA41D01877C002689B0 /* PBXContainerItemProxy */;
		};
/* End PBXTargetDependency section */

/* Begin XCBuildConfiguration section */
		4E530E251D0177F2002689B0 /* Debug */ = {
			isa = XCBuildConfiguration;
			buildSettings = {
				ALWAYS_SEARCH_USER_PATHS = NO;
				CLANG_ANALYZER_NONNULL = YES;
				CLANG_CXX_LANGUAGE_STANDARD = "gnu++0x";
				CLANG_CXX_LIBRARY = "libc++";
				CLANG_ENABLE_MODULES = YES;
				CLANG_ENABLE_OBJC_ARC = YES;
				CLANG_WARN_BOOL_CONVERSION = YES;
				CLANG_WARN_CONSTANT_CONVERSION = YES;
				CLANG_WARN_DIRECT_OBJC_ISA_USAGE = YES_ERROR;
				CLANG_WARN_EMPTY_BODY = YES;
				CLANG_WARN_ENUM_CONVERSION = YES;
				CLANG_WARN_INFINITE_RECURSION = YES;
				CLANG_WARN_INT_CONVERSION = YES;
				CLANG_WARN_OBJC_ROOT_CLASS = YES_ERROR;
				CLANG_WARN_SUSPICIOUS_MOVE = YES;
				CLANG_WARN_UNREACHABLE_CODE = YES;
				CLANG_WARN__DUPLICATE_METHOD_MATCH = YES;
				CODE_SIGN_IDENTITY = "-";
				COPY_PHASE_STRIP = NO;
				DEBUG_INFORMATION_FORMAT = dwarf;
				ENABLE_STRICT_OBJC_MSGSEND = YES;
				ENABLE_TESTABILITY = YES;
				GCC_C_LANGUAGE_STANDARD = gnu99;
				GCC_DYNAMIC_NO_PIC = NO;
				GCC_NO_COMMON_BLOCKS = YES;
				GCC_OPTIMIZATION_LEVEL = 0;
				GCC_PREPROCESSOR_DEFINITIONS = (
					"DEBUG=1",
					"$(inherited)",
				);
				GCC_WARN_64_TO_32_BIT_CONVERSION = YES;
				GCC_WARN_ABOUT_RETURN_TYPE = YES_ERROR;
				GCC_WARN_UNDECLARED_SELECTOR = YES;
				GCC_WARN_UNINITIALIZED_AUTOS = YES_AGGRESSIVE;
				GCC_WARN_UNUSED_FUNCTION = YES;
				GCC_WARN_UNUSED_VARIABLE = YES;
				MACOSX_DEPLOYMENT_TARGET = 10.11;
				MTL_ENABLE_DEBUG_INFO = YES;
				ONLY_ACTIVE_ARCH = YES;
				SDKROOT = macosx;
				SWIFT_OPTIMIZATION_LEVEL = "-Onone";
				SWIFT_VERSION = 2.3;
			};
			name = Debug;
		};
		4E530E261D0177F2002689B0 /* Release */ = {
			isa = XCBuildConfiguration;
			buildSettings = {
				ALWAYS_SEARCH_USER_PATHS = NO;
				CLANG_ANALYZER_NONNULL = YES;
				CLANG_CXX_LANGUAGE_STANDARD = "gnu++0x";
				CLANG_CXX_LIBRARY = "libc++";
				CLANG_ENABLE_MODULES = YES;
				CLANG_ENABLE_OBJC_ARC = YES;
				CLANG_WARN_BOOL_CONVERSION = YES;
				CLANG_WARN_CONSTANT_CONVERSION = YES;
				CLANG_WARN_DIRECT_OBJC_ISA_USAGE = YES_ERROR;
				CLANG_WARN_EMPTY_BODY = YES;
				CLANG_WARN_ENUM_CONVERSION = YES;
				CLANG_WARN_INFINITE_RECURSION = YES;
				CLANG_WARN_INT_CONVERSION = YES;
				CLANG_WARN_OBJC_ROOT_CLASS = YES_ERROR;
				CLANG_WARN_SUSPICIOUS_MOVE = YES;
				CLANG_WARN_UNREACHABLE_CODE = YES;
				CLANG_WARN__DUPLICATE_METHOD_MATCH = YES;
				CODE_SIGN_IDENTITY = "-";
				COPY_PHASE_STRIP = NO;
				DEBUG_INFORMATION_FORMAT = "dwarf-with-dsym";
				ENABLE_NS_ASSERTIONS = NO;
				ENABLE_STRICT_OBJC_MSGSEND = YES;
				GCC_C_LANGUAGE_STANDARD = gnu99;
				GCC_NO_COMMON_BLOCKS = YES;
				GCC_WARN_64_TO_32_BIT_CONVERSION = YES;
				GCC_WARN_ABOUT_RETURN_TYPE = YES_ERROR;
				GCC_WARN_UNDECLARED_SELECTOR = YES;
				GCC_WARN_UNINITIALIZED_AUTOS = YES_AGGRESSIVE;
				GCC_WARN_UNUSED_FUNCTION = YES;
				GCC_WARN_UNUSED_VARIABLE = YES;
				MACOSX_DEPLOYMENT_TARGET = 10.11;
				MTL_ENABLE_DEBUG_INFO = NO;
				SDKROOT = macosx;
				SWIFT_OPTIMIZATION_LEVEL = "-Owholemodule";
				SWIFT_VERSION = 2.3;
			};
			name = Release;
		};
		4E530E281D0177F2002689B0 /* Debug */ = {
			isa = XCBuildConfiguration;
			buildSettings = {
				PRODUCT_NAME = "$(TARGET_NAME)";
				SWIFT_VERSION = 3.0.1;
			};
			name = Debug;
		};
		4E530E291D0177F2002689B0 /* Release */ = {
			isa = XCBuildConfiguration;
			buildSettings = {
				PRODUCT_NAME = "$(TARGET_NAME)";
				SWIFT_VERSION = 3.0.1;
			};
			name = Release;
		};
		4E530E9E1D0184E2002689B0 /* Debug */ = {
			isa = XCBuildConfiguration;
			buildSettings = {
				ALWAYS_EMBED_SWIFT_STANDARD_LIBRARIES = YES;
				CLANG_ENABLE_MODULES = YES;
				COMBINE_HIDPI_IMAGES = YES;
				INFOPLIST_FILE = SwiftGenStringsTests/Info.plist;
				LD_RUNPATH_SEARCH_PATHS = "$(inherited) @executable_path/../Frameworks @loader_path/../Frameworks";
				PRODUCT_BUNDLE_IDENTIFIER = com.KAYAK.SwiftGenStringsTests;
				PRODUCT_NAME = "$(TARGET_NAME)";
				SWIFT_OPTIMIZATION_LEVEL = "-Onone";
				SWIFT_VERSION = 3.0.1;
			};
			name = Debug;
		};
		4E530E9F1D0184E2002689B0 /* Release */ = {
			isa = XCBuildConfiguration;
			buildSettings = {
				ALWAYS_EMBED_SWIFT_STANDARD_LIBRARIES = YES;
				CLANG_ENABLE_MODULES = YES;
				COMBINE_HIDPI_IMAGES = YES;
				INFOPLIST_FILE = SwiftGenStringsTests/Info.plist;
				LD_RUNPATH_SEARCH_PATHS = "$(inherited) @executable_path/../Frameworks @loader_path/../Frameworks";
				PRODUCT_BUNDLE_IDENTIFIER = com.KAYAK.SwiftGenStringsTests;
				PRODUCT_NAME = "$(TARGET_NAME)";
				SWIFT_VERSION = 3.0.1;
			};
			name = Release;
		};
/* End XCBuildConfiguration section */

/* Begin XCConfigurationList section */
		4E530E1B1D0177F2002689B0 /* Build configuration list for PBXProject "SwiftGenStrings" */ = {
			isa = XCConfigurationList;
			buildConfigurations = (
				4E530E251D0177F2002689B0 /* Debug */,
				4E530E261D0177F2002689B0 /* Release */,
			);
			defaultConfigurationIsVisible = 0;
			defaultConfigurationName = Release;
		};
		4E530E271D0177F2002689B0 /* Build configuration list for PBXNativeTarget "SwiftGenStrings" */ = {
			isa = XCConfigurationList;
			buildConfigurations = (
				4E530E281D0177F2002689B0 /* Debug */,
				4E530E291D0177F2002689B0 /* Release */,
			);
			defaultConfigurationIsVisible = 0;
			defaultConfigurationName = Release;
		};
		4E530E9D1D0184E2002689B0 /* Build configuration list for PBXNativeTarget "SwiftGenStringsTests" */ = {
			isa = XCConfigurationList;
			buildConfigurations = (
				4E530E9E1D0184E2002689B0 /* Debug */,
				4E530E9F1D0184E2002689B0 /* Release */,
			);
			defaultConfigurationIsVisible = 0;
			defaultConfigurationName = Release;
		};
/* End XCConfigurationList section */
	};
	rootObject = 4E530E181D0177F2002689B0 /* Project object */;
}
